// This lockfile was autogenerated by Pants. To regenerate, run:
//
//    ./pants generate-lockfiles --resolve=common_a_b
//
// --- BEGIN PANTS LOCKFILE METADATA: DO NOT EDIT OR REMOVE ---
// {
//   "version": 2,
//   "valid_for_interpreter_constraints": [
//     "CPython<3.11,>=3.9"
//   ],
//   "generated_with_requirements": [
//     "pandas<2.0.0,>=1.4.3",
//     "pytest<6.0.0,>=5.2"
//   ]
// }
// --- END PANTS LOCKFILE METADATA ---

{
  "allow_builds": true,
  "allow_prereleases": false,
  "allow_wheels": true,
  "build_isolation": true,
  "constraints": [],
  "locked_resolves": [
    {
      "locked_requirements": [
        {
          "artifacts": [
            {
              "algorithm": "sha256",
              "hash": "81b2c9071a49367a7f770170e5eec8cb66567cfbbc8c73d20ce5ca4a8d71cf11",
              "url": "https://files.pythonhosted.org/packages/87/c6/53da25344e3e3a9c01095a89f16dbcda021c609ddb42dd6d7c0528236fb2/atomicwrites-1.4.1.tar.gz"
            }
          ],
          "project_name": "atomicwrites",
          "requires_dists": [],
          "requires_python": "!=3.0.*,!=3.1.*,!=3.2.*,!=3.3.*,>=2.7",
          "version": "1.4.1"
        },
        {
          "artifacts": [
            {
              "algorithm": "sha256",
              "hash": "2d27e3784d7a565d36ab851fe94887c5eccd6a463168875832a1be79c82828b4",
              "url": "https://files.pythonhosted.org/packages/be/be/7abce643bfdf8ca01c48afa2ddf8308c2308b0c3b239a44e57d020afa0ef/attrs-21.4.0-py2.py3-none-any.whl"
            },
            {
              "algorithm": "sha256",
              "hash": "626ba8234211db98e869df76230a137c4c40a12d72445c45d5f5b716f076e2fd",
              "url": "https://files.pythonhosted.org/packages/d7/77/ebb15fc26d0f815839ecd897b919ed6d85c050feeb83e100e020df9153d2/attrs-21.4.0.tar.gz"
            }
          ],
          "project_name": "attrs",
          "requires_dists": [
            "cloudpickle; platform_python_implementation == \"CPython\" and extra == \"dev\"",
            "cloudpickle; platform_python_implementation == \"CPython\" and extra == \"tests\"",
            "cloudpickle; platform_python_implementation == \"CPython\" and extra == \"tests_no_zope\"",
            "coverage[toml]>=5.0.2; extra == \"dev\"",
            "coverage[toml]>=5.0.2; extra == \"tests\"",
            "coverage[toml]>=5.0.2; extra == \"tests_no_zope\"",
            "furo; extra == \"dev\"",
            "furo; extra == \"docs\"",
            "hypothesis; extra == \"dev\"",
            "hypothesis; extra == \"tests\"",
            "hypothesis; extra == \"tests_no_zope\"",
            "mypy; extra == \"dev\"",
            "mypy; extra == \"tests\"",
            "mypy; extra == \"tests_no_zope\"",
            "pre-commit; extra == \"dev\"",
            "pympler; extra == \"dev\"",
            "pympler; extra == \"tests\"",
            "pympler; extra == \"tests_no_zope\"",
            "pytest-mypy-plugins; extra == \"dev\"",
            "pytest-mypy-plugins; extra == \"tests\"",
            "pytest-mypy-plugins; extra == \"tests_no_zope\"",
            "pytest>=4.3.0; extra == \"dev\"",
            "pytest>=4.3.0; extra == \"tests\"",
            "pytest>=4.3.0; extra == \"tests_no_zope\"",
            "six; extra == \"dev\"",
            "six; extra == \"tests\"",
            "six; extra == \"tests_no_zope\"",
            "sphinx-notfound-page; extra == \"dev\"",
            "sphinx-notfound-page; extra == \"docs\"",
            "sphinx; extra == \"dev\"",
            "sphinx; extra == \"docs\"",
            "zope.interface; extra == \"dev\"",
            "zope.interface; extra == \"docs\"",
            "zope.interface; extra == \"tests\""
          ],
          "requires_python": "!=3.0.*,!=3.1.*,!=3.2.*,!=3.3.*,!=3.4.*,>=2.7",
          "version": "21.4"
        },
        {
          "artifacts": [
            {
              "algorithm": "sha256",
              "hash": "854bf444933e37f5824ae7bfc1e98d5bce2ebe4160d46b5edf346a89358e99da",
              "url": "https://files.pythonhosted.org/packages/77/8b/7550e87b2d308a1b711725dfaddc19c695f8c5fa413c640b2be01662f4e6/colorama-0.4.5-py2.py3-none-any.whl"
            },
            {
              "algorithm": "sha256",
              "hash": "e6c6b4334fc50988a639d9b98aa429a0b57da6e17b9a44f0451f930b6967b7a4",
              "url": "https://files.pythonhosted.org/packages/2b/65/24d033a9325ce42ccbfa3ca2d0866c7e89cc68e5b9d92ecaba9feef631df/colorama-0.4.5.tar.gz"
            }
          ],
          "project_name": "colorama",
          "requires_dists": [],
          "requires_python": "!=3.0.*,!=3.1.*,!=3.2.*,!=3.3.*,!=3.4.*,>=2.7",
          "version": "0.4.5"
        },
        {
          "artifacts": [
            {
              "algorithm": "sha256",
              "hash": "c5122bffc5f104d37c1626b8615b511f3427aa5389b94d61e5ef8236bfbc3ddb",
              "url": "https://files.pythonhosted.org/packages/bd/3f/c4b3dbd315e248f84c388bd4a72b131a29f123ecacc37ffb2b3834546e42/more_itertools-8.13.0-py3-none-any.whl"
            },
            {
              "algorithm": "sha256",
              "hash": "a42901a0a5b169d925f6f217cd5a190e32ef54360905b9c39ee7db5313bfec0f",
              "url": "https://files.pythonhosted.org/packages/b4/23/2987c2792c18a211dfe913e2f60e55cde0af6dfc41217e4da74ac7cd68f4/more-itertools-8.13.0.tar.gz"
            }
          ],
          "project_name": "more-itertools",
          "requires_dists": [],
          "requires_python": ">=3.5",
          "version": "8.13"
        },
        {
          "artifacts": [
            {
              "algorithm": "sha256",
              "hash": "37ece2bd095e9781a7156852e43d18044fd0d742934833335599c583618181b9",
              "url": "https://files.pythonhosted.org/packages/bd/dd/0610fb49c433fe5987ae312fe672119080fd77be484b5698d6fa7554148b/numpy-1.23.1-cp39-cp39-win_amd64.whl"
            },
            {
              "algorithm": "sha256",
              "hash": "d748ef349bfef2e1194b59da37ed5a29c19ea8d7e6342019921ba2ba4fd8b624",
              "url": "https://files.pythonhosted.org/packages/13/b1/0c22aa7ca1deda4915cdec9562f839546bb252eecf6ad596eaec0592bd35/numpy-1.23.1.tar.gz"
            },
            {
              "algorithm": "sha256",
              "hash": "c2f91f88230042a130ceb1b496932aa717dcbd665350beb821534c5c7e15881c",
              "url": "https://files.pythonhosted.org/packages/40/2d/fcb9e41c553adb1a214eca5e2bfc7f87e5a752c7add86da19ddc1cf434b5/numpy-1.23.1-cp39-cp39-win32.whl"
            },
            {
              "algorithm": "sha256",
              "hash": "876f60de09734fbcb4e27a97c9a286b51284df1326b1ac5f1bf0ad3678236b22",
              "url": "https://files.pythonhosted.org/packages/52/7c/716ab0f3b92b44a3e55d2e51cf66a8a8d403548d2ca82961129fa2c775fe/numpy-1.23.1-cp39-cp39-macosx_11_0_arm64.whl"
            },
            {
              "algorithm": "sha256",
              "hash": "3119daed207e9410eaf57dcf9591fdc68045f60483d94956bee0bfdcba790953",
              "url": "https://files.pythonhosted.org/packages/88/cc/92815174c345015a326e3fff8beddcb951b3ef0f7c8296fcc22c622add7c/numpy-1.23.1-cp310-cp310-manylinux_2_17_x86_64.manylinux2014_x86_64.whl"
            },
            {
              "algorithm": "sha256",
              "hash": "1865fdf51446839ca3fffaab172461f2b781163f6f395f1aed256b1ddc253622",
              "url": "https://files.pythonhosted.org/packages/8b/11/75a93826457f94a4c857a38ea3f178915f27ff38ffee1753e36994be7810/numpy-1.23.1-cp310-cp310-win_amd64.whl"
            },
            {
              "algorithm": "sha256",
              "hash": "9ce242162015b7e88092dccd0e854548c0926b75c7924a3495e02c6067aba1f5",
              "url": "https://files.pythonhosted.org/packages/8c/e2/be5ea562620811ba9277da559d9662d02d22c63d4228cdf01d65f0342c5f/numpy-1.23.1-cp310-cp310-macosx_11_0_arm64.whl"
            },
            {
              "algorithm": "sha256",
              "hash": "a35c4e64dfca659fe4d0f1421fc0f05b8ed1ca8c46fb73d9e5a7f175f85696bb",
              "url": "https://files.pythonhosted.org/packages/8d/d6/cc2330e512936a904a4db1629b71d697fb309115f6d2ede94d183cdfe185/numpy-1.23.1-cp39-cp39-manylinux_2_17_x86_64.manylinux2014_x86_64.whl"
            },
            {
              "algorithm": "sha256",
              "hash": "35590b9c33c0f1c9732b3231bb6a72d1e4f77872390c47d50a615686ae7ed3fd",
              "url": "https://files.pythonhosted.org/packages/93/76/9e53d1e5b94e67df8fc86554cac49fd9ead0bf163383776c153c34670a19/numpy-1.23.1-cp39-cp39-manylinux_2_17_aarch64.manylinux2014_aarch64.whl"
            },
            {
              "algorithm": "sha256",
              "hash": "3ab67966c8d45d55a2bdf40701536af6443763907086c0a6d1232688e27e5447",
              "url": "https://files.pythonhosted.org/packages/b9/4b/b805d1afe9de9d31444ff79300042d52aeeb3efa9fff7fffc299bd349469/numpy-1.23.1-cp310-cp310-win32.whl"
            },
            {
              "algorithm": "sha256",
              "hash": "b15c3f1ed08df4980e02cc79ee058b788a3d0bef2fb3c9ca90bb8cbd5b8a3a04",
              "url": "https://files.pythonhosted.org/packages/c0/c2/8d58f3ccd1aa3b1eaa5c333a6748e225b45cf8748b13f052cbb3c811c996/numpy-1.23.1-cp310-cp310-macosx_10_9_x86_64.whl"
            },
            {
              "algorithm": "sha256",
              "hash": "173f28921b15d341afadf6c3898a34f20a0569e4ad5435297ba262ee8941e77b",
              "url": "https://files.pythonhosted.org/packages/e5/43/b1b80cbcea9f2d0e6adadd27a8da2c71b751d5670a846b444087fab408a1/numpy-1.23.1-cp39-cp39-macosx_10_9_x86_64.whl"
            },
            {
              "algorithm": "sha256",
              "hash": "e0d7447679ae9a7124385ccf0ea990bb85bb869cef217e2ea6c844b6a6855073",
              "url": "https://files.pythonhosted.org/packages/f3/a8/7122ace9f2c373194ab2c9e227d626c90a4331e31352528976c976563a0c/numpy-1.23.1-cp310-cp310-manylinux_2_17_aarch64.manylinux2014_aarch64.whl"
            }
          ],
          "project_name": "numpy",
          "requires_dists": [],
          "requires_python": ">=3.8",
          "version": "1.23.1"
        },
        {
          "artifacts": [
            {
              "algorithm": "sha256",
              "hash": "ef103e05f519cdc783ae24ea4e2e0f508a9c99b2d4969652eed6a2e1ea5bd522",
              "url": "https://files.pythonhosted.org/packages/05/8e/8de486cbd03baba4deef4142bd643a3e7bbe954a784dc1bb17142572d127/packaging-21.3-py3-none-any.whl"
            },
            {
              "algorithm": "sha256",
              "hash": "dd47c42927d89ab911e606518907cc2d3a1f38bbd026385970643f9c5b8ecfeb",
              "url": "https://files.pythonhosted.org/packages/df/9e/d1a7217f69310c1db8fdf8ab396229f55a699ce34a203691794c5d1cad0c/packaging-21.3.tar.gz"
            }
          ],
          "project_name": "packaging",
          "requires_dists": [
            "pyparsing!=3.0.5,>=2.0.2"
          ],
          "requires_python": ">=3.6",
          "version": "21.3"
        },
        {
          "artifacts": [
            {
              "algorithm": "sha256",
              "hash": "721a3dd2f06ef942f83a819c0f3f6a648b2830b191a72bbe9451bcd49c3bd42e",
              "url": "https://files.pythonhosted.org/packages/60/a6/998a96dfc6375874670b140c1dab6125fcec49736555cfdcb41e39187642/pandas-1.4.3-cp39-cp39-win_amd64.whl"
            },
            {
              "algorithm": "sha256",
              "hash": "07238a58d7cbc8a004855ade7b75bbd22c0db4b0ffccc721556bab8a095515f6",
              "url": "https://files.pythonhosted.org/packages/2c/3f/7c1689ab9489709e218805df225a58cc2958e21ea301eb4b9f6dd9ab914a/pandas-1.4.3-cp39-cp39-macosx_10_9_x86_64.whl"
            },
            {
              "algorithm": "sha256",
              "hash": "e48fbb64165cda451c06a0f9e4c7a16b534fcabd32546d531b3c240ce2844112",
              "url": "https://files.pythonhosted.org/packages/41/81/1686c25606ac4a1228769be5558cef8d54c0fbc987c5d592fa7d01087b16/pandas-1.4.3-cp310-cp310-manylinux_2_17_aarch64.manylinux2014_aarch64.whl"
            },
            {
              "algorithm": "sha256",
              "hash": "d51674ed8e2551ef7773820ef5dab9322be0828629f2cbf8d1fc31a0c4fed640",
              "url": "https://files.pythonhosted.org/packages/74/80/114ce64b02347bbadc70b7e8de3a0076ec346fb6e315ead06756cbc1bcb9/pandas-1.4.3-cp310-cp310-macosx_10_9_universal2.whl"
            },
            {
              "algorithm": "sha256",
              "hash": "0daf876dba6c622154b2e6741f29e87161f844e64f84801554f879d27ba63c0d",
              "url": "https://files.pythonhosted.org/packages/76/60/82eb766bfdd8979470a256048318639f86d9968c3afccc40af73fe20008a/pandas-1.4.3-cp39-cp39-win32.whl"
            },
            {
              "algorithm": "sha256",
              "hash": "2893e923472a5e090c2d5e8db83e8f907364ec048572084c7d10ef93546be6d1",
              "url": "https://files.pythonhosted.org/packages/8b/de/6b3be78f2360e97fba531584e4d86428a6bfe194ec4b3acce5df604a2aab/pandas-1.4.3-cp310-cp310-win_amd64.whl"
            },
            {
              "algorithm": "sha256",
              "hash": "a3924692160e3d847e18702bb048dc38e0e13411d2b503fecb1adf0fcf950ba4",
              "url": "https://files.pythonhosted.org/packages/8f/67/7bf106bf405e28a0a0afa9284232dd9b13ffd0cef4eb11c5346849412b86/pandas-1.4.3-cp39-cp39-macosx_10_9_universal2.whl"
            },
            {
              "algorithm": "sha256",
              "hash": "1d9382f72a4f0e93909feece6fef5500e838ce1c355a581b3d8f259839f2ea76",
              "url": "https://files.pythonhosted.org/packages/a5/ac/6c04be2c26e8c839659b7bcdc7a4bcd4e5366867bff8027ffd1cae58b806/pandas-1.4.3-cp39-cp39-manylinux_2_17_x86_64.manylinux2014_x86_64.whl"
            },
            {
              "algorithm": "sha256",
              "hash": "41fc406e374590a3d492325b889a2686b31e7a7780bec83db2512988550dadbf",
              "url": "https://files.pythonhosted.org/packages/ca/b0/2994a42e3852deb3aaa4af7804a04f9defb13a6f2e6edc6328683700d386/pandas-1.4.3-cp39-cp39-manylinux_2_17_aarch64.manylinux2014_aarch64.whl"
            },
            {
              "algorithm": "sha256",
              "hash": "958a0588149190c22cdebbc0797e01972950c927a11a900fe6c2296f207b1d6f",
              "url": "https://files.pythonhosted.org/packages/df/88/d6176ffc5b271924f45e356cd0f5781538446ce143f693ba8dbabeea10b8/pandas-1.4.3-cp310-cp310-macosx_11_0_arm64.whl"
            },
            {
              "algorithm": "sha256",
              "hash": "6f803320c9da732cc79210d7e8cc5c8019aad512589c910c66529eb1b1818230",
              "url": "https://files.pythonhosted.org/packages/ea/e4/a1cbaca4069fdd92c930bb1c5eebd9ea9c55717a9bf60bd41708c8a33f5a/pandas-1.4.3-cp310-cp310-manylinux_2_17_x86_64.manylinux2014_x86_64.whl"
            },
            {
              "algorithm": "sha256",
              "hash": "16ad23db55efcc93fa878f7837267973b61ea85d244fc5ff0ccbcfa5638706c5",
              "url": "https://files.pythonhosted.org/packages/ec/49/0b304252f670ce4074eeddb61f184b81708826343e89ee90c0395db32f71/pandas-1.4.3-cp310-cp310-macosx_10_9_x86_64.whl"
            },
            {
              "algorithm": "sha256",
              "hash": "755679c49460bd0d2f837ab99f0a26948e68fa0718b7e42afbabd074d945bf84",
              "url": "https://files.pythonhosted.org/packages/ed/7d/25f52988bd6949319946ff99a75b547f7bf3f20aff8b2b84fda047bdcd04/pandas-1.4.3-cp39-cp39-macosx_11_0_arm64.whl"
            },
            {
              "algorithm": "sha256",
              "hash": "2ff7788468e75917574f080cd4681b27e1a7bf36461fe968b49a87b5a54d007c",
              "url": "https://files.pythonhosted.org/packages/f4/00/2de395c769335956b8650f990ef2a15e860be83b544c408ff95713446329/pandas-1.4.3.tar.gz"
            }
          ],
          "project_name": "pandas",
          "requires_dists": [
            "hypothesis>=5.5.3; extra == \"test\"",
            "numpy>=1.18.5; platform_machine != \"aarch64\" and platform_machine != \"arm64\" and python_version < \"3.10\"",
            "numpy>=1.19.2; platform_machine == \"aarch64\" and python_version < \"3.10\"",
            "numpy>=1.20.0; platform_machine == \"arm64\" and python_version < \"3.10\"",
            "numpy>=1.21.0; python_version >= \"3.10\"",
            "pytest-xdist>=1.31; extra == \"test\"",
            "pytest>=6.0; extra == \"test\"",
            "python-dateutil>=2.8.1",
            "pytz>=2020.1"
          ],
          "requires_python": ">=3.8",
          "version": "1.4.3"
        },
        {
          "artifacts": [
            {
              "algorithm": "sha256",
              "hash": "966c145cd83c96502c3c3868f50408687b38434af77734af1e9ca461a4081d2d",
              "url": "https://files.pythonhosted.org/packages/a0/28/85c7aa31b80d150b772fbe4a229487bc6644da9ccb7e427dd8cc60cb8a62/pluggy-0.13.1-py2.py3-none-any.whl"
            },
            {
              "algorithm": "sha256",
              "hash": "15b2acde666561e1298d71b523007ed7364de07029219b604cf808bfa1c765b0",
              "url": "https://files.pythonhosted.org/packages/f8/04/7a8542bed4b16a65c2714bf76cf5a0b026157da7f75e87cc88774aa10b14/pluggy-0.13.1.tar.gz"
            }
          ],
          "project_name": "pluggy",
          "requires_dists": [
            "importlib-metadata>=0.12; python_version < \"3.8\"",
            "pre-commit; extra == \"dev\"",
            "tox; extra == \"dev\""
          ],
          "requires_python": "!=3.0.*,!=3.1.*,!=3.2.*,!=3.3.*,>=2.7",
          "version": "0.13.1"
        },
        {
          "artifacts": [
            {
              "algorithm": "sha256",
              "hash": "607c53218732647dff4acdfcd50cb62615cedf612e72d1724fb1a0cc6405b378",
              "url": "https://files.pythonhosted.org/packages/f6/f0/10642828a8dfb741e5f3fbaac830550a518a775c7fff6f04a007259b0548/py-1.11.0-py2.py3-none-any.whl"
            },
            {
              "algorithm": "sha256",
              "hash": "51c75c4126074b472f746a24399ad32f6053d1b34b68d2fa41e558e6f4a98719",
              "url": "https://files.pythonhosted.org/packages/98/ff/fec109ceb715d2a6b4c4a85a61af3b40c723a961e8828319fbcb15b868dc/py-1.11.0.tar.gz"
            }
          ],
          "project_name": "py",
          "requires_dists": [],
          "requires_python": "!=3.0.*,!=3.1.*,!=3.2.*,!=3.3.*,!=3.4.*,>=2.7",
          "version": "1.11"
        },
        {
          "artifacts": [
            {
              "algorithm": "sha256",
              "hash": "5026bae9a10eeaefb61dab2f09052b9f4307d44aee4eda64b309723d8d206bbc",
              "url": "https://files.pythonhosted.org/packages/6c/10/a7d0fa5baea8fe7b50f448ab742f26f52b80bfca85ac2be9d35cdd9a3246/pyparsing-3.0.9-py3-none-any.whl"
            },
            {
              "algorithm": "sha256",
              "hash": "2b020ecf7d21b687f219b71ecad3631f644a47f01403fa1d1036b0c6416d70fb",
              "url": "https://files.pythonhosted.org/packages/71/22/207523d16464c40a0310d2d4d8926daffa00ac1f5b1576170a32db749636/pyparsing-3.0.9.tar.gz"
            }
          ],
          "project_name": "pyparsing",
          "requires_dists": [
            "jinja2; extra == \"diagrams\"",
            "railroad-diagrams; extra == \"diagrams\""
          ],
          "requires_python": ">=3.6.8",
          "version": "3.0.9"
        },
        {
          "artifacts": [
            {
              "algorithm": "sha256",
              "hash": "5c0db86b698e8f170ba4582a492248919255fcd4c79b1ee64ace34301fb589a1",
              "url": "https://files.pythonhosted.org/packages/9f/f3/0a83558da436a081344aa6c8b85ea5b5f05071214106036ce341b7769b0b/pytest-5.4.3-py3-none-any.whl"
            },
            {
              "algorithm": "sha256",
              "hash": "7979331bfcba207414f5e1263b5a0f8f521d0f457318836a7355531ed1a4c7d8",
              "url": "https://files.pythonhosted.org/packages/8f/c4/e4a645f8a3d6c6993cb3934ee593e705947dfafad4ca5148b9a0fde7359c/pytest-5.4.3.tar.gz"
            }
          ],
          "project_name": "pytest",
          "requires_dists": [
            "argcomplete; extra == \"testing\"",
            "atomicwrites>=1.0; sys_platform == \"win32\"",
            "attrs>=17.4.0",
            "colorama; sys_platform == \"win32\"",
            "hypothesis>=3.56; extra == \"testing\"",
            "importlib-metadata>=0.12; python_version < \"3.8\"",
            "mock; extra == \"testing\"",
            "more-itertools>=4.0.0",
            "mypy==v0.761; extra == \"checkqa-mypy\"",
            "nose; extra == \"testing\"",
            "packaging",
            "pathlib2>=2.2.0; python_version < \"3.6\"",
            "pluggy<1.0,>=0.12",
            "py>=1.5.0",
            "requests; extra == \"testing\"",
            "wcwidth",
            "xmlschema; extra == \"testing\""
          ],
          "requires_python": ">=3.5",
          "version": "5.4.3"
        },
        {
          "artifacts": [
            {
              "algorithm": "sha256",
              "hash": "961d03dc3453ebbc59dbdea9e4e11c5651520a876d0f4db161e8674aae935da9",
              "url": "https://files.pythonhosted.org/packages/36/7a/87837f39d0296e723bb9b62bbb257d0355c7f6128853c78955f57342a56d/python_dateutil-2.8.2-py2.py3-none-any.whl"
            },
            {
              "algorithm": "sha256",
              "hash": "0123cacc1627ae19ddf3c27a5de5bd67ee4586fbdd6440d9748f8abb483d3e86",
              "url": "https://files.pythonhosted.org/packages/4c/c4/13b4776ea2d76c115c1d1b84579f3764ee6d57204f6be27119f13a61d0a9/python-dateutil-2.8.2.tar.gz"
            }
          ],
          "project_name": "python-dateutil",
          "requires_dists": [
            "six>=1.5"
          ],
          "requires_python": "!=3.0.*,!=3.1.*,!=3.2.*,>=2.7",
          "version": "2.8.2"
        },
        {
          "artifacts": [
            {
              "algorithm": "sha256",
              "hash": "e68985985296d9a66a881eb3193b0906246245294a881e7c8afe623866ac6a5c",
              "url": "https://files.pythonhosted.org/packages/60/2e/dec1cc18c51b8df33c7c4d0a321b084cf38e1733b98f9d15018880fb4970/pytz-2022.1-py2.py3-none-any.whl"
            },
            {
              "algorithm": "sha256",
              "hash": "1e760e2fe6a8163bc0b3d9a19c4f84342afa0a2affebfaa84b01b978a02ecaa7",
              "url": "https://files.pythonhosted.org/packages/2f/5f/a0f653311adff905bbcaa6d3dfaf97edcf4d26138393c6ccd37a484851fb/pytz-2022.1.tar.gz"
            }
          ],
          "project_name": "pytz",
          "requires_dists": [],
          "requires_python": null,
          "version": "2022.1"
        },
        {
          "artifacts": [
            {
              "algorithm": "sha256",
              "hash": "8abb2f1d86890a2dfb989f9a77cfcfd3e47c2a354b01111771326f8aa26e0254",
              "url": "https://files.pythonhosted.org/packages/d9/5a/e7c31adbe875f2abbb91bd84cf2dc52d792b5a01506781dbcf25c91daf11/six-1.16.0-py2.py3-none-any.whl"
            },
            {
              "algorithm": "sha256",
              "hash": "1e61c37477a1626458e36f7b1d82aa5c9b094fa4802892072e49de9c60c4c926",
              "url": "https://files.pythonhosted.org/packages/71/39/171f1c67cd00715f190ba0b100d606d440a28c93c7714febeca8b79af85e/six-1.16.0.tar.gz"
            }
          ],
          "project_name": "six",
          "requires_dists": [],
          "requires_python": "!=3.0.*,!=3.1.*,!=3.2.*,>=2.7",
          "version": "1.16"
        },
        {
          "artifacts": [
            {
              "algorithm": "sha256",
              "hash": "beb4802a9cebb9144e99086eff703a642a13d6a0052920003a230f3294bbe784",
              "url": "https://files.pythonhosted.org/packages/59/7c/e39aca596badaf1b78e8f547c807b04dae603a433d3e7a7e04d67f2ef3e5/wcwidth-0.2.5-py2.py3-none-any.whl"
            },
            {
              "algorithm": "sha256",
              "hash": "c4d647b99872929fdb7bdcaa4fbe7f01413ed3d98077df798530e5b04f116c83",
              "url": "https://files.pythonhosted.org/packages/89/38/459b727c381504f361832b9e5ace19966de1a235d73cdbdea91c771a1155/wcwidth-0.2.5.tar.gz"
            }
          ],
          "project_name": "wcwidth",
          "requires_dists": [
            "backports.functools-lru-cache>=1.2.1; python_version < \"3.2\""
          ],
          "requires_python": null,
          "version": "0.2.5"
        }
      ],
      "platform_tag": null
    }
  ],
  "path_mappings": {},
  "pex_version": "2.1.93",
  "prefer_older_binary": false,
  "requirements": [
    "pandas<2.0.0,>=1.4.3",
    "pytest<6.0.0,>=5.2"
  ],
  "requires_python": [
    "<3.11,>=3.9"
  ],
  "resolver_version": "pip-2020-resolver",
  "style": "universal",
  "transitive": true,
  "use_pep517": null
}
