// This lockfile was autogenerated by Pants. To regenerate, run:
//
//    ./pants generate-lockfiles --resolve=common_a_b
//
// --- BEGIN PANTS LOCKFILE METADATA: DO NOT EDIT OR REMOVE ---
// {
//   "version": 2,
//   "valid_for_interpreter_constraints": [
//     "CPython<3.11,>=3.9"
//   ],
//   "generated_with_requirements": [
//     "fastapi",
//     "pandas",
//     "uvicorn"
//   ]
// }
// --- END PANTS LOCKFILE METADATA ---

{
  "allow_builds": true,
  "allow_prereleases": false,
  "allow_wheels": true,
  "build_isolation": true,
  "constraints": [],
  "locked_resolves": [
    {
      "locked_requirements": [
        {
          "artifacts": [
            {
              "algorithm": "sha256",
              "hash": "cb29b9c70620506a9a8f87a309591713446953302d7d995344d0d7c6c0c9a7be",
              "url": "https://files.pythonhosted.org/packages/c3/22/4cba7e1b4f45ffbefd2ca817a6800ba1c671c26f288d7705f20289872012/anyio-3.6.1-py3-none-any.whl"
            },
            {
              "algorithm": "sha256",
              "hash": "413adf95f93886e442aea925f3ee43baa5a765a64a0f52c6081894f9992fdd0b",
              "url": "https://files.pythonhosted.org/packages/67/c4/fd50bbb2fb72532a4b778562e28ba581da15067cfb2537dbd3a2e64689c1/anyio-3.6.1.tar.gz"
            }
          ],
          "project_name": "anyio",
          "requires_dists": [
            "contextlib2; python_version < \"3.7\" and extra == \"test\"",
            "contextvars; python_version < \"3.7\"",
            "coverage[toml]>=4.5; extra == \"test\"",
            "dataclasses; python_version < \"3.7\"",
            "hypothesis>=4.0; extra == \"test\"",
            "idna>=2.8",
            "mock>=4; python_version < \"3.8\" and extra == \"test\"",
            "packaging; extra == \"doc\"",
            "pytest-mock>=3.6.1; extra == \"test\"",
            "pytest>=7.0; extra == \"test\"",
            "sniffio>=1.1",
            "sphinx-autodoc-typehints>=1.2.0; extra == \"doc\"",
            "sphinx-rtd-theme; extra == \"doc\"",
            "trio>=0.16; extra == \"trio\"",
            "trustme; extra == \"test\"",
            "typing-extensions; python_version < \"3.8\"",
            "uvloop<0.15; (python_version < \"3.7\" and (platform_python_implementation == \"CPython\" and platform_system != \"Windows\")) and extra == \"test\"",
            "uvloop>=0.15; (python_version >= \"3.7\" and (platform_python_implementation == \"CPython\" and platform_system != \"Windows\")) and extra == \"test\""
          ],
          "requires_python": ">=3.6.2",
          "version": "3.6.1"
        },
        {
          "artifacts": [
            {
              "algorithm": "sha256",
              "hash": "bb4d8133cb15a609f44e8213d9b391b0809795062913b383c62be0ee95b1db48",
              "url": "https://files.pythonhosted.org/packages/c2/f1/df59e28c642d583f7dacffb1e0965d0e00b218e0186d7858ac5233dce840/click-8.1.3-py3-none-any.whl"
            },
            {
              "algorithm": "sha256",
              "hash": "7682dc8afb30297001674575ea00d1814d808d6a36af415a82bd481d37ba7b8e",
              "url": "https://files.pythonhosted.org/packages/59/87/84326af34517fca8c58418d148f2403df25303e02736832403587318e9e8/click-8.1.3.tar.gz"
            }
          ],
          "project_name": "click",
          "requires_dists": [
            "colorama; platform_system == \"Windows\"",
            "importlib-metadata; python_version < \"3.8\""
          ],
          "requires_python": ">=3.7",
          "version": "8.1.3"
        },
        {
          "artifacts": [
            {
              "algorithm": "sha256",
              "hash": "854bf444933e37f5824ae7bfc1e98d5bce2ebe4160d46b5edf346a89358e99da",
              "url": "https://files.pythonhosted.org/packages/77/8b/7550e87b2d308a1b711725dfaddc19c695f8c5fa413c640b2be01662f4e6/colorama-0.4.5-py2.py3-none-any.whl"
            },
            {
              "algorithm": "sha256",
              "hash": "e6c6b4334fc50988a639d9b98aa429a0b57da6e17b9a44f0451f930b6967b7a4",
              "url": "https://files.pythonhosted.org/packages/2b/65/24d033a9325ce42ccbfa3ca2d0866c7e89cc68e5b9d92ecaba9feef631df/colorama-0.4.5.tar.gz"
            }
          ],
          "project_name": "colorama",
          "requires_dists": [],
          "requires_python": "!=3.0.*,!=3.1.*,!=3.2.*,!=3.3.*,!=3.4.*,>=2.7",
          "version": "0.4.5"
        },
        {
          "artifacts": [
            {
              "algorithm": "sha256",
              "hash": "d337563424ceada23857f73d5abe8dae0c28e4cccb53b2af06e78b7bb4a1c7d7",
              "url": "https://files.pythonhosted.org/packages/a4/6b/c30654706a6a226e0e640149a893bd75c926097ac4adce6eeb288a133e16/fastapi-0.79.0-py3-none-any.whl"
            },
            {
              "algorithm": "sha256",
              "hash": "cf0ff6db25b91d321050c4112baab0908c90f19b40bf257f9591d2f9780d1f22",
              "url": "https://files.pythonhosted.org/packages/ae/ed/ea37410618f1c206ba857d391d7b2de6de7a758ea586662aef77c945d3b4/fastapi-0.79.0.tar.gz"
            }
          ],
          "project_name": "fastapi",
          "requires_dists": [
            "anyio[trio]<4.0.0,>=3.2.1; extra == \"test\"",
            "autoflake<2.0.0,>=1.4.0; extra == \"dev\"",
            "black==22.3.0; extra == \"test\"",
            "databases[sqlite]<0.6.0,>=0.3.2; extra == \"test\"",
            "email_validator<2.0.0,>=1.1.1; extra == \"all\"",
            "email_validator<2.0.0,>=1.1.1; extra == \"test\"",
            "flake8<4.0.0,>=3.8.3; extra == \"dev\"",
            "flake8<4.0.0,>=3.8.3; extra == \"test\"",
            "flask<3.0.0,>=1.1.2; extra == \"test\"",
            "httpx<0.19.0,>=0.14.0; extra == \"test\"",
            "isort<6.0.0,>=5.0.6; extra == \"test\"",
            "itsdangerous<3.0.0,>=1.1.0; extra == \"all\"",
            "jinja2<4.0.0,>=2.11.2; extra == \"all\"",
            "mdx-include<2.0.0,>=1.4.1; extra == \"doc\"",
            "mkdocs-markdownextradata-plugin<0.3.0,>=0.1.7; extra == \"doc\"",
            "mkdocs-material<9.0.0,>=8.1.4; extra == \"doc\"",
            "mkdocs<2.0.0,>=1.1.2; extra == \"doc\"",
            "mypy==0.910; extra == \"test\"",
            "orjson<4.0.0,>=3.2.1; extra == \"all\"",
            "orjson<4.0.0,>=3.2.1; extra == \"test\"",
            "passlib[bcrypt]<2.0.0,>=1.7.2; extra == \"dev\"",
            "peewee<4.0.0,>=3.13.3; extra == \"test\"",
            "pre-commit<3.0.0,>=2.17.0; extra == \"dev\"",
            "pydantic!=1.7,!=1.7.1,!=1.7.2,!=1.7.3,!=1.8,!=1.8.1,<2.0.0,>=1.6.2",
            "pytest-cov<4.0.0,>=2.12.0; extra == \"test\"",
            "pytest<7.0.0,>=6.2.4; extra == \"test\"",
            "python-jose[cryptography]<4.0.0,>=3.3.0; extra == \"dev\"",
            "python-multipart<0.0.6,>=0.0.5; extra == \"all\"",
            "python-multipart<0.0.6,>=0.0.5; extra == \"test\"",
            "pyyaml<7.0.0,>=5.3.1; extra == \"all\"",
            "pyyaml<7.0.0,>=5.3.1; extra == \"doc\"",
            "requests<3.0.0,>=2.24.0; extra == \"all\"",
            "requests<3.0.0,>=2.24.0; extra == \"test\"",
            "sqlalchemy<1.5.0,>=1.3.18; extra == \"test\"",
            "starlette==0.19.1",
            "typer<0.5.0,>=0.4.1; extra == \"doc\"",
            "types-dataclasses==0.6.5; extra == \"test\" and python_version < \"3.7\"",
            "types-orjson==3.6.2; extra == \"test\"",
            "types-ujson==4.2.1; extra == \"test\"",
            "ujson!=4.0.2,!=4.1.0,!=4.2.0,!=4.3.0,!=5.0.0,!=5.1.0,<6.0.0,>=4.0.1; extra == \"all\"",
            "ujson!=4.0.2,!=4.1.0,!=4.2.0,!=4.3.0,!=5.0.0,!=5.1.0,<6.0.0,>=4.0.1; extra == \"test\"",
            "uvicorn[standard]<0.18.0,>=0.12.0; extra == \"all\"",
            "uvicorn[standard]<0.18.0,>=0.12.0; extra == \"dev\""
          ],
          "requires_python": ">=3.6.1",
          "version": "0.79"
        },
        {
          "artifacts": [
            {
              "algorithm": "sha256",
              "hash": "8ddd78563b633ca55346c8cd41ec0af27d3c79931828beffb46ce70a379e7442",
              "url": "https://files.pythonhosted.org/packages/19/d2/32a15a4955be1b8114a1c570999eefd31279c7f9aa2d2a43d492a79b53c5/h11-0.13.0-py3-none-any.whl"
            },
            {
              "algorithm": "sha256",
              "hash": "70813c1135087a248a4d38cc0e1a0181ffab2188141a93eaf567940c3957ff06",
              "url": "https://files.pythonhosted.org/packages/fa/a6/450568b2d62dd633be53f69890332bb0ce78183ffbe1e514c2b3102efff5/h11-0.13.0.tar.gz"
            }
          ],
          "project_name": "h11",
          "requires_dists": [
            "dataclasses; python_version < \"3.7\"",
            "typing-extensions; python_version < \"3.8\""
          ],
          "requires_python": ">=3.6",
          "version": "0.13"
        },
        {
          "artifacts": [
            {
              "algorithm": "sha256",
              "hash": "84d9dd047ffa80596e0f246e2eab0b391788b0503584e8945f2368256d2735ff",
              "url": "https://files.pythonhosted.org/packages/04/a2/d918dcd22354d8958fe113e1a3630137e0fc8b44859ade3063982eacd2a4/idna-3.3-py3-none-any.whl"
            },
            {
              "algorithm": "sha256",
              "hash": "9d643ff0a55b762d5cdb124b8eaa99c66322e2157b69160bc32796e824360e6d",
              "url": "https://files.pythonhosted.org/packages/62/08/e3fc7c8161090f742f504f40b1bccbfc544d4a4e09eb774bf40aafce5436/idna-3.3.tar.gz"
            }
          ],
          "project_name": "idna",
          "requires_dists": [],
          "requires_python": ">=3.5",
          "version": "3.3"
        },
        {
          "artifacts": [
            {
              "algorithm": "sha256",
              "hash": "37ece2bd095e9781a7156852e43d18044fd0d742934833335599c583618181b9",
              "url": "https://files.pythonhosted.org/packages/bd/dd/0610fb49c433fe5987ae312fe672119080fd77be484b5698d6fa7554148b/numpy-1.23.1-cp39-cp39-win_amd64.whl"
            },
            {
              "algorithm": "sha256",
              "hash": "d748ef349bfef2e1194b59da37ed5a29c19ea8d7e6342019921ba2ba4fd8b624",
              "url": "https://files.pythonhosted.org/packages/13/b1/0c22aa7ca1deda4915cdec9562f839546bb252eecf6ad596eaec0592bd35/numpy-1.23.1.tar.gz"
            },
            {
              "algorithm": "sha256",
              "hash": "c2f91f88230042a130ceb1b496932aa717dcbd665350beb821534c5c7e15881c",
              "url": "https://files.pythonhosted.org/packages/40/2d/fcb9e41c553adb1a214eca5e2bfc7f87e5a752c7add86da19ddc1cf434b5/numpy-1.23.1-cp39-cp39-win32.whl"
            },
            {
              "algorithm": "sha256",
              "hash": "876f60de09734fbcb4e27a97c9a286b51284df1326b1ac5f1bf0ad3678236b22",
              "url": "https://files.pythonhosted.org/packages/52/7c/716ab0f3b92b44a3e55d2e51cf66a8a8d403548d2ca82961129fa2c775fe/numpy-1.23.1-cp39-cp39-macosx_11_0_arm64.whl"
            },
            {
              "algorithm": "sha256",
              "hash": "3119daed207e9410eaf57dcf9591fdc68045f60483d94956bee0bfdcba790953",
              "url": "https://files.pythonhosted.org/packages/88/cc/92815174c345015a326e3fff8beddcb951b3ef0f7c8296fcc22c622add7c/numpy-1.23.1-cp310-cp310-manylinux_2_17_x86_64.manylinux2014_x86_64.whl"
            },
            {
              "algorithm": "sha256",
              "hash": "1865fdf51446839ca3fffaab172461f2b781163f6f395f1aed256b1ddc253622",
              "url": "https://files.pythonhosted.org/packages/8b/11/75a93826457f94a4c857a38ea3f178915f27ff38ffee1753e36994be7810/numpy-1.23.1-cp310-cp310-win_amd64.whl"
            },
            {
              "algorithm": "sha256",
              "hash": "9ce242162015b7e88092dccd0e854548c0926b75c7924a3495e02c6067aba1f5",
              "url": "https://files.pythonhosted.org/packages/8c/e2/be5ea562620811ba9277da559d9662d02d22c63d4228cdf01d65f0342c5f/numpy-1.23.1-cp310-cp310-macosx_11_0_arm64.whl"
            },
            {
              "algorithm": "sha256",
              "hash": "a35c4e64dfca659fe4d0f1421fc0f05b8ed1ca8c46fb73d9e5a7f175f85696bb",
              "url": "https://files.pythonhosted.org/packages/8d/d6/cc2330e512936a904a4db1629b71d697fb309115f6d2ede94d183cdfe185/numpy-1.23.1-cp39-cp39-manylinux_2_17_x86_64.manylinux2014_x86_64.whl"
            },
            {
              "algorithm": "sha256",
              "hash": "35590b9c33c0f1c9732b3231bb6a72d1e4f77872390c47d50a615686ae7ed3fd",
              "url": "https://files.pythonhosted.org/packages/93/76/9e53d1e5b94e67df8fc86554cac49fd9ead0bf163383776c153c34670a19/numpy-1.23.1-cp39-cp39-manylinux_2_17_aarch64.manylinux2014_aarch64.whl"
            },
            {
              "algorithm": "sha256",
              "hash": "3ab67966c8d45d55a2bdf40701536af6443763907086c0a6d1232688e27e5447",
              "url": "https://files.pythonhosted.org/packages/b9/4b/b805d1afe9de9d31444ff79300042d52aeeb3efa9fff7fffc299bd349469/numpy-1.23.1-cp310-cp310-win32.whl"
            },
            {
              "algorithm": "sha256",
              "hash": "b15c3f1ed08df4980e02cc79ee058b788a3d0bef2fb3c9ca90bb8cbd5b8a3a04",
              "url": "https://files.pythonhosted.org/packages/c0/c2/8d58f3ccd1aa3b1eaa5c333a6748e225b45cf8748b13f052cbb3c811c996/numpy-1.23.1-cp310-cp310-macosx_10_9_x86_64.whl"
            },
            {
              "algorithm": "sha256",
              "hash": "173f28921b15d341afadf6c3898a34f20a0569e4ad5435297ba262ee8941e77b",
              "url": "https://files.pythonhosted.org/packages/e5/43/b1b80cbcea9f2d0e6adadd27a8da2c71b751d5670a846b444087fab408a1/numpy-1.23.1-cp39-cp39-macosx_10_9_x86_64.whl"
            },
            {
              "algorithm": "sha256",
              "hash": "e0d7447679ae9a7124385ccf0ea990bb85bb869cef217e2ea6c844b6a6855073",
              "url": "https://files.pythonhosted.org/packages/f3/a8/7122ace9f2c373194ab2c9e227d626c90a4331e31352528976c976563a0c/numpy-1.23.1-cp310-cp310-manylinux_2_17_aarch64.manylinux2014_aarch64.whl"
            }
          ],
          "project_name": "numpy",
          "requires_dists": [],
          "requires_python": ">=3.8",
          "version": "1.23.1"
        },
        {
          "artifacts": [
            {
              "algorithm": "sha256",
              "hash": "721a3dd2f06ef942f83a819c0f3f6a648b2830b191a72bbe9451bcd49c3bd42e",
              "url": "https://files.pythonhosted.org/packages/60/a6/998a96dfc6375874670b140c1dab6125fcec49736555cfdcb41e39187642/pandas-1.4.3-cp39-cp39-win_amd64.whl"
            },
            {
              "algorithm": "sha256",
              "hash": "07238a58d7cbc8a004855ade7b75bbd22c0db4b0ffccc721556bab8a095515f6",
              "url": "https://files.pythonhosted.org/packages/2c/3f/7c1689ab9489709e218805df225a58cc2958e21ea301eb4b9f6dd9ab914a/pandas-1.4.3-cp39-cp39-macosx_10_9_x86_64.whl"
            },
            {
              "algorithm": "sha256",
              "hash": "e48fbb64165cda451c06a0f9e4c7a16b534fcabd32546d531b3c240ce2844112",
              "url": "https://files.pythonhosted.org/packages/41/81/1686c25606ac4a1228769be5558cef8d54c0fbc987c5d592fa7d01087b16/pandas-1.4.3-cp310-cp310-manylinux_2_17_aarch64.manylinux2014_aarch64.whl"
            },
            {
              "algorithm": "sha256",
              "hash": "d51674ed8e2551ef7773820ef5dab9322be0828629f2cbf8d1fc31a0c4fed640",
              "url": "https://files.pythonhosted.org/packages/74/80/114ce64b02347bbadc70b7e8de3a0076ec346fb6e315ead06756cbc1bcb9/pandas-1.4.3-cp310-cp310-macosx_10_9_universal2.whl"
            },
            {
              "algorithm": "sha256",
              "hash": "0daf876dba6c622154b2e6741f29e87161f844e64f84801554f879d27ba63c0d",
              "url": "https://files.pythonhosted.org/packages/76/60/82eb766bfdd8979470a256048318639f86d9968c3afccc40af73fe20008a/pandas-1.4.3-cp39-cp39-win32.whl"
            },
            {
              "algorithm": "sha256",
              "hash": "2893e923472a5e090c2d5e8db83e8f907364ec048572084c7d10ef93546be6d1",
              "url": "https://files.pythonhosted.org/packages/8b/de/6b3be78f2360e97fba531584e4d86428a6bfe194ec4b3acce5df604a2aab/pandas-1.4.3-cp310-cp310-win_amd64.whl"
            },
            {
              "algorithm": "sha256",
              "hash": "a3924692160e3d847e18702bb048dc38e0e13411d2b503fecb1adf0fcf950ba4",
              "url": "https://files.pythonhosted.org/packages/8f/67/7bf106bf405e28a0a0afa9284232dd9b13ffd0cef4eb11c5346849412b86/pandas-1.4.3-cp39-cp39-macosx_10_9_universal2.whl"
            },
            {
              "algorithm": "sha256",
              "hash": "1d9382f72a4f0e93909feece6fef5500e838ce1c355a581b3d8f259839f2ea76",
              "url": "https://files.pythonhosted.org/packages/a5/ac/6c04be2c26e8c839659b7bcdc7a4bcd4e5366867bff8027ffd1cae58b806/pandas-1.4.3-cp39-cp39-manylinux_2_17_x86_64.manylinux2014_x86_64.whl"
            },
            {
              "algorithm": "sha256",
              "hash": "41fc406e374590a3d492325b889a2686b31e7a7780bec83db2512988550dadbf",
              "url": "https://files.pythonhosted.org/packages/ca/b0/2994a42e3852deb3aaa4af7804a04f9defb13a6f2e6edc6328683700d386/pandas-1.4.3-cp39-cp39-manylinux_2_17_aarch64.manylinux2014_aarch64.whl"
            },
            {
              "algorithm": "sha256",
              "hash": "958a0588149190c22cdebbc0797e01972950c927a11a900fe6c2296f207b1d6f",
              "url": "https://files.pythonhosted.org/packages/df/88/d6176ffc5b271924f45e356cd0f5781538446ce143f693ba8dbabeea10b8/pandas-1.4.3-cp310-cp310-macosx_11_0_arm64.whl"
            },
            {
              "algorithm": "sha256",
              "hash": "6f803320c9da732cc79210d7e8cc5c8019aad512589c910c66529eb1b1818230",
              "url": "https://files.pythonhosted.org/packages/ea/e4/a1cbaca4069fdd92c930bb1c5eebd9ea9c55717a9bf60bd41708c8a33f5a/pandas-1.4.3-cp310-cp310-manylinux_2_17_x86_64.manylinux2014_x86_64.whl"
            },
            {
              "algorithm": "sha256",
              "hash": "16ad23db55efcc93fa878f7837267973b61ea85d244fc5ff0ccbcfa5638706c5",
              "url": "https://files.pythonhosted.org/packages/ec/49/0b304252f670ce4074eeddb61f184b81708826343e89ee90c0395db32f71/pandas-1.4.3-cp310-cp310-macosx_10_9_x86_64.whl"
            },
            {
              "algorithm": "sha256",
              "hash": "755679c49460bd0d2f837ab99f0a26948e68fa0718b7e42afbabd074d945bf84",
              "url": "https://files.pythonhosted.org/packages/ed/7d/25f52988bd6949319946ff99a75b547f7bf3f20aff8b2b84fda047bdcd04/pandas-1.4.3-cp39-cp39-macosx_11_0_arm64.whl"
            },
            {
              "algorithm": "sha256",
              "hash": "2ff7788468e75917574f080cd4681b27e1a7bf36461fe968b49a87b5a54d007c",
              "url": "https://files.pythonhosted.org/packages/f4/00/2de395c769335956b8650f990ef2a15e860be83b544c408ff95713446329/pandas-1.4.3.tar.gz"
            }
          ],
          "project_name": "pandas",
          "requires_dists": [
            "hypothesis>=5.5.3; extra == \"test\"",
            "numpy>=1.18.5; platform_machine != \"aarch64\" and platform_machine != \"arm64\" and python_version < \"3.10\"",
            "numpy>=1.19.2; platform_machine == \"aarch64\" and python_version < \"3.10\"",
            "numpy>=1.20.0; platform_machine == \"arm64\" and python_version < \"3.10\"",
            "numpy>=1.21.0; python_version >= \"3.10\"",
            "pytest-xdist>=1.31; extra == \"test\"",
            "pytest>=6.0; extra == \"test\"",
            "python-dateutil>=2.8.1",
            "pytz>=2020.1"
          ],
          "requires_python": ">=3.8",
          "version": "1.4.3"
        },
        {
          "artifacts": [
            {
              "algorithm": "sha256",
              "hash": "4988c0f13c42bfa9ddd2fe2f569c9d54646ce84adc5de84228cfe83396f3bd58",
              "url": "https://files.pythonhosted.org/packages/f3/88/78666bfe38d3a8aee75fbd2410ac6e26dfdd64585323c07648f387817c76/pydantic-1.9.1-py3-none-any.whl"
            },
            {
              "algorithm": "sha256",
              "hash": "61b6760b08b7c395975d893e0b814a11cf011ebb24f7d869e7118f5a339a82e1",
              "url": "https://files.pythonhosted.org/packages/09/ca/44704f9ed827019f15ed17bd61be8217efe0d224609980c12b961bfcefdc/pydantic-1.9.1-cp39-cp39-win_amd64.whl"
            },
            {
              "algorithm": "sha256",
              "hash": "72ccb318bf0c9ab97fc04c10c37683d9eea952ed526707fabf9ac5ae59b701fd",
              "url": "https://files.pythonhosted.org/packages/2e/6b/7ae3031fc86b974296ef3a91221aec46fdf66a8dd6ba1d300151a812c5b3/pydantic-1.9.1-cp39-cp39-musllinux_1_1_x86_64.whl"
            },
            {
              "algorithm": "sha256",
              "hash": "02eefd7087268b711a3ff4db528e9916ac9aa18616da7bca69c1871d0b7a091f",
              "url": "https://files.pythonhosted.org/packages/5f/76/11635fe2d808c0062f4f23a6ac6453e6110d3446fb196e3b6dfc1d15f979/pydantic-1.9.1-cp39-cp39-manylinux_2_17_x86_64.manylinux2014_x86_64.whl"
            },
            {
              "algorithm": "sha256",
              "hash": "a4a88dcd6ff8fd47c18b3a3709a89adb39a6373f4482e04c1b765045c7e282fd",
              "url": "https://files.pythonhosted.org/packages/68/17/1828a267f999077fba10b24076e027df79cc2c5ede8e0a91a7cbf43428d8/pydantic-1.9.1-cp310-cp310-win_amd64.whl"
            },
            {
              "algorithm": "sha256",
              "hash": "e565a785233c2d03724c4dc55464559639b1ba9ecf091288dd47ad9c629433bd",
              "url": "https://files.pythonhosted.org/packages/71/ea/1169909a5d70085aea49a9d4995636498d0df0e9a06f71b747eb4a104aa2/pydantic-1.9.1-cp310-cp310-musllinux_1_1_x86_64.whl"
            },
            {
              "algorithm": "sha256",
              "hash": "4ce9ae9e91f46c344bec3b03d6ee9612802682c1551aaf627ad24045ce090761",
              "url": "https://files.pythonhosted.org/packages/81/48/b3c8cb4eb7106b612bbfc263d557b75e27d2720a0cf2c442ea67950d6d43/pydantic-1.9.1-cp39-cp39-musllinux_1_1_i686.whl"
            },
            {
              "algorithm": "sha256",
              "hash": "b83ba3825bc91dfa989d4eed76865e71aea3a6ca1388b59fc801ee04c4d8d0d6",
              "url": "https://files.pythonhosted.org/packages/9a/a2/585b1a747b7bbb22392fe9c875b8adfaaee9a7be506fbb66a749157f9099/pydantic-1.9.1-cp39-cp39-macosx_10_9_x86_64.whl"
            },
            {
              "algorithm": "sha256",
              "hash": "18f3e912f9ad1bdec27fb06b8198a2ccc32f201e24174cec1b3424dda605a310",
              "url": "https://files.pythonhosted.org/packages/a4/0c/fbaa7319dcb5eecd3484686eb5a5c5702a6445adb566f01aee6de3369bc4/pydantic-1.9.1-cp310-cp310-manylinux_2_17_x86_64.manylinux2014_x86_64.whl"
            },
            {
              "algorithm": "sha256",
              "hash": "8bc541a405423ce0e51c19f637050acdbdf8feca34150e0d17f675e72d119580",
              "url": "https://files.pythonhosted.org/packages/b1/34/5281371fbca70a089c9afcff8f0223f8d9da982efe0802fac36e39debdff/pydantic-1.9.1-cp310-cp310-musllinux_1_1_i686.whl"
            },
            {
              "algorithm": "sha256",
              "hash": "c320c64dd876e45254bdd350f0179da737463eea41c43bacbee9d8c9d1021f11",
              "url": "https://files.pythonhosted.org/packages/b4/73/4fa4e18868aa0e68782a8a3b37c9e08dcc3453e122a191d077910f41fa8c/pydantic-1.9.1-cp310-cp310-macosx_11_0_arm64.whl"
            },
            {
              "algorithm": "sha256",
              "hash": "c8098a724c2784bf03e8070993f6d46aa2eeca031f8d8a048dff277703e6e193",
              "url": "https://files.pythonhosted.org/packages/be/11/a929057bf8742a6362e216e10f6d9caf44bae146a87321b9a18278b6b7d4/pydantic-1.9.1-cp310-cp310-macosx_10_9_x86_64.whl"
            },
            {
              "algorithm": "sha256",
              "hash": "7eb57ba90929bac0b6cc2af2373893d80ac559adda6933e562dcfb375029acee",
              "url": "https://files.pythonhosted.org/packages/c4/d2/6118efdb9fdaf3d4dfecc0276d4d47a1ef9aaf9903fa49f1ece765d917cb/pydantic-1.9.1-cp39-cp39-manylinux_2_5_i686.manylinux1_i686.manylinux_2_17_i686.manylinux2014_i686.whl"
            },
            {
              "algorithm": "sha256",
              "hash": "1ed987c3ff29fff7fd8c3ea3a3ea877ad310aae2ef9889a119e22d3f2db0691a",
              "url": "https://files.pythonhosted.org/packages/d0/a5/e4a25a0becf35530a3d90459a88855743e942f2e502da49ca5b10aa78568/pydantic-1.9.1.tar.gz"
            },
            {
              "algorithm": "sha256",
              "hash": "c11951b404e08b01b151222a1cb1a9f0a860a8153ce8334149ab9199cd198131",
              "url": "https://files.pythonhosted.org/packages/e4/67/5ca471ba5dfddc309fcc0bd262a485facbd78a003513800a332fd01ce165/pydantic-1.9.1-cp310-cp310-manylinux_2_5_i686.manylinux1_i686.manylinux_2_17_i686.manylinux2014_i686.whl"
            },
            {
              "algorithm": "sha256",
              "hash": "1dd8fecbad028cd89d04a46688d2fcc14423e8a196d5b0a5c65105664901f810",
              "url": "https://files.pythonhosted.org/packages/ed/30/cc6081090e0653b8bfeac45b5973027771050813c4ac167a277f4f355242/pydantic-1.9.1-cp39-cp39-macosx_11_0_arm64.whl"
            }
          ],
          "project_name": "pydantic",
          "requires_dists": [
            "dataclasses>=0.6; python_version < \"3.7\"",
            "email-validator>=1.0.3; extra == \"email\"",
            "python-dotenv>=0.10.4; extra == \"dotenv\"",
            "typing-extensions>=3.7.4.3"
          ],
          "requires_python": ">=3.6.1",
          "version": "1.9.1"
        },
        {
          "artifacts": [
            {
              "algorithm": "sha256",
              "hash": "961d03dc3453ebbc59dbdea9e4e11c5651520a876d0f4db161e8674aae935da9",
              "url": "https://files.pythonhosted.org/packages/36/7a/87837f39d0296e723bb9b62bbb257d0355c7f6128853c78955f57342a56d/python_dateutil-2.8.2-py2.py3-none-any.whl"
            },
            {
              "algorithm": "sha256",
              "hash": "0123cacc1627ae19ddf3c27a5de5bd67ee4586fbdd6440d9748f8abb483d3e86",
              "url": "https://files.pythonhosted.org/packages/4c/c4/13b4776ea2d76c115c1d1b84579f3764ee6d57204f6be27119f13a61d0a9/python-dateutil-2.8.2.tar.gz"
            }
          ],
          "project_name": "python-dateutil",
          "requires_dists": [
            "six>=1.5"
          ],
          "requires_python": "!=3.0.*,!=3.1.*,!=3.2.*,>=2.7",
          "version": "2.8.2"
        },
        {
          "artifacts": [
            {
              "algorithm": "sha256",
              "hash": "e68985985296d9a66a881eb3193b0906246245294a881e7c8afe623866ac6a5c",
              "url": "https://files.pythonhosted.org/packages/60/2e/dec1cc18c51b8df33c7c4d0a321b084cf38e1733b98f9d15018880fb4970/pytz-2022.1-py2.py3-none-any.whl"
            },
            {
              "algorithm": "sha256",
              "hash": "1e760e2fe6a8163bc0b3d9a19c4f84342afa0a2affebfaa84b01b978a02ecaa7",
              "url": "https://files.pythonhosted.org/packages/2f/5f/a0f653311adff905bbcaa6d3dfaf97edcf4d26138393c6ccd37a484851fb/pytz-2022.1.tar.gz"
            }
          ],
          "project_name": "pytz",
          "requires_dists": [],
          "requires_python": null,
          "version": "2022.1"
        },
        {
          "artifacts": [
            {
              "algorithm": "sha256",
              "hash": "8abb2f1d86890a2dfb989f9a77cfcfd3e47c2a354b01111771326f8aa26e0254",
              "url": "https://files.pythonhosted.org/packages/d9/5a/e7c31adbe875f2abbb91bd84cf2dc52d792b5a01506781dbcf25c91daf11/six-1.16.0-py2.py3-none-any.whl"
            },
            {
              "algorithm": "sha256",
              "hash": "1e61c37477a1626458e36f7b1d82aa5c9b094fa4802892072e49de9c60c4c926",
              "url": "https://files.pythonhosted.org/packages/71/39/171f1c67cd00715f190ba0b100d606d440a28c93c7714febeca8b79af85e/six-1.16.0.tar.gz"
            }
          ],
          "project_name": "six",
          "requires_dists": [],
          "requires_python": "!=3.0.*,!=3.1.*,!=3.2.*,>=2.7",
          "version": "1.16"
        },
        {
          "artifacts": [
            {
              "algorithm": "sha256",
              "hash": "471b71698eac1c2112a40ce2752bb2f4a4814c22a54a3eed3676bc0f5ca9f663",
              "url": "https://files.pythonhosted.org/packages/52/b0/7b2e028b63d092804b6794595871f936aafa5e9322dcaaad50ebf67445b3/sniffio-1.2.0-py3-none-any.whl"
            },
            {
              "algorithm": "sha256",
              "hash": "c4666eecec1d3f50960c6bdf61ab7bc350648da6c126e3cf6898d8cd4ddcd3de",
              "url": "https://files.pythonhosted.org/packages/a6/ae/44ed7978bcb1f6337a3e2bef19c941de750d73243fc9389140d62853b686/sniffio-1.2.0.tar.gz"
            }
          ],
          "project_name": "sniffio",
          "requires_dists": [
            "contextvars>=2.1; python_version < \"3.7\""
          ],
          "requires_python": ">=3.5",
          "version": "1.2"
        },
        {
          "artifacts": [
            {
              "algorithm": "sha256",
              "hash": "5a60c5c2d051f3a8eb546136aa0c9399773a689595e099e0877704d5888279bf",
              "url": "https://files.pythonhosted.org/packages/f1/9d/1fa96008b302dd3e398f89f3fc5afb19fb0b0f341fefa05c65b3a38d64cf/starlette-0.19.1-py3-none-any.whl"
            },
            {
              "algorithm": "sha256",
              "hash": "c6d21096774ecb9639acad41b86b7706e52ba3bf1dc13ea4ed9ad593d47e24c7",
              "url": "https://files.pythonhosted.org/packages/2b/18/405f4fb59119b8efa203c10a04a32a927976b5450cf649c8b4c9d079d21e/starlette-0.19.1.tar.gz"
            }
          ],
          "project_name": "starlette",
          "requires_dists": [
            "anyio<5,>=3.4.0",
            "contextlib2>=21.6.0; python_version < \"3.7\"",
            "itsdangerous; extra == \"full\"",
            "jinja2; extra == \"full\"",
            "python-multipart; extra == \"full\"",
            "pyyaml; extra == \"full\"",
            "requests; extra == \"full\"",
            "typing-extensions>=3.10.0; python_version < \"3.10\""
          ],
          "requires_python": ">=3.6",
          "version": "0.19.1"
        },
        {
          "artifacts": [
            {
              "algorithm": "sha256",
              "hash": "25642c956049920a5aa49edcdd6ab1e06d7e5d467fc00e0506c44ac86fbfca02",
              "url": "https://files.pythonhosted.org/packages/ed/d6/2afc375a8d55b8be879d6b4986d4f69f01115e795e36827fd3a40166028b/typing_extensions-4.3.0-py3-none-any.whl"
            },
            {
              "algorithm": "sha256",
              "hash": "e6d2677a32f47fc7eb2795db1dd15c1f34eff616bcaf2cfb5e997f854fa1c4a6",
              "url": "https://files.pythonhosted.org/packages/9e/1d/d128169ff58c501059330f1ad96ed62b79114a2eb30b8238af63a2e27f70/typing_extensions-4.3.0.tar.gz"
            }
          ],
          "project_name": "typing-extensions",
          "requires_dists": [],
          "requires_python": ">=3.7",
          "version": "4.3"
        },
        {
          "artifacts": [
            {
              "algorithm": "sha256",
              "hash": "c19a057deb1c5bb060946e2e5c262fc01590c6529c0af2c3d9ce941e89bc30e0",
              "url": "https://files.pythonhosted.org/packages/12/d0/d998e0b558fd5808a4fdb48e906e6f57a4fda2177fa11ba2a9d16248ce92/uvicorn-0.18.2-py3-none-any.whl"
            },
            {
              "algorithm": "sha256",
              "hash": "cade07c403c397f9fe275492a48c1b869efd175d5d8a692df649e6e7e2ed8f4e",
              "url": "https://files.pythonhosted.org/packages/c1/ec/23abd850aa173e35b0436f46a3385585b131ee0e70a55c408d89cade30a1/uvicorn-0.18.2.tar.gz"
            }
          ],
          "project_name": "uvicorn",
          "requires_dists": [
            "PyYAML>=5.1; extra == \"standard\"",
            "click>=7.0",
            "colorama>=0.4; sys_platform == \"win32\" and extra == \"standard\"",
            "h11>=0.8",
            "httptools>=0.4.0; extra == \"standard\"",
            "python-dotenv>=0.13; extra == \"standard\"",
            "typing-extensions; python_version < \"3.8\"",
            "uvloop!=0.15.0,!=0.15.1,>=0.14.0; (sys_platform != \"win32\" and (sys_platform != \"cygwin\" and platform_python_implementation != \"PyPy\")) and extra == \"standard\"",
            "watchfiles>=0.13; extra == \"standard\"",
            "websockets>=10.0; extra == \"standard\""
          ],
          "requires_python": ">=3.7",
          "version": "0.18.2"
        }
      ],
      "platform_tag": null
    }
  ],
  "path_mappings": {},
  "pex_version": "2.1.93",
  "prefer_older_binary": false,
  "requirements": [
    "fastapi",
    "pandas",
    "uvicorn"
  ],
  "requires_python": [
    "<3.11,>=3.9"
  ],
  "resolver_version": "pip-2020-resolver",
  "style": "universal",
  "transitive": true,
  "use_pep517": null
}
