// This lockfile was autogenerated by Pants. To regenerate, run:
//
//    ./pants generate-lockfiles --resolve=coverage-py
//
// --- BEGIN PANTS LOCKFILE METADATA: DO NOT EDIT OR REMOVE ---
// {
//   "version": 3,
//   "valid_for_interpreter_constraints": [
//     "CPython>=3.9"
//   ],
//   "generated_with_requirements": [
//     "coverage[toml]~=7.0.5"
//   ],
//   "manylinux": "manylinux2014",
//   "requirement_constraints": [],
//   "only_binary": [],
//   "no_binary": []
// }
// --- END PANTS LOCKFILE METADATA ---

{
  "allow_builds": true,
  "allow_prereleases": false,
  "allow_wheels": true,
  "build_isolation": true,
  "constraints": [],
  "locked_resolves": [
    {
      "locked_requirements": [
        {
          "artifacts": [
            {
              "algorithm": "sha256",
              "hash": "b9727ac4f5cf2cbf87880a63870b5b9730a8ae3a4a360241a0fdaa2f71240ff0",
              "url": "https://files.pythonhosted.org/packages/1d/87/65a9ac379bd840950efd5d69cf97584a4f21ef939c3d05a74edbd308aa2b/coverage-7.0.5-pp37.pp38.pp39-none-any.whl"
            },
            {
              "algorithm": "sha256",
              "hash": "a9fed35ca8c6e946e877893bbac022e8563b94404a605af1d1e6accc7eb73289",
              "url": "https://files.pythonhosted.org/packages/01/01/8d17427fbeb0ee132111c543bfeea5ab403d6869812cf6085adc18debecf/coverage-7.0.5-cp310-cp310-manylinux_2_5_x86_64.manylinux1_x86_64.manylinux_2_17_x86_64.manylinux2014_x86_64.whl"
            },
            {
              "algorithm": "sha256",
              "hash": "3c2155943896ac78b9b0fd910fb381186d0c345911f5333ee46ac44c8f0e43ab",
              "url": "https://files.pythonhosted.org/packages/3e/fc/80617dba15621700e9fee56ced5f728376a6f853e1e32181b63f64c0888a/coverage-7.0.5-cp39-cp39-macosx_10_9_x86_64.whl"
            },
            {
              "algorithm": "sha256",
              "hash": "1caed2367b32cc80a2b7f58a9f46658218a19c6cfe5bc234021966dc3daa01f0",
              "url": "https://files.pythonhosted.org/packages/53/6c/d206426bd4896df14f88581e47198e509a376f50e3ced18bce75f31aabb5/coverage-7.0.5-cp311-cp311-macosx_11_0_arm64.whl"
            },
            {
              "algorithm": "sha256",
              "hash": "2a7f23bbaeb2a87f90f607730b45564076d870f1fb07b9318d0c21f36871932b",
              "url": "https://files.pythonhosted.org/packages/5a/79/7acd51daffd3e53f8a6f2f43543f686b46c206e6f36e2203ca2ca15d72ec/coverage-7.0.5-cp310-cp310-macosx_10_9_x86_64.whl"
            },
            {
              "algorithm": "sha256",
              "hash": "66e50680e888840c0995f2ad766e726ce71ca682e3c5f4eee82272c7671d38a2",
              "url": "https://files.pythonhosted.org/packages/63/74/a65dc4de105d34240d7c46c246371471d64b5b163d1503f29108f1297a4d/coverage-7.0.5-cp310-cp310-manylinux_2_5_i686.manylinux1_i686.manylinux_2_17_i686.manylinux2014_i686.whl"
            },
            {
              "algorithm": "sha256",
              "hash": "d8d04e755934195bdc1db45ba9e040b8d20d046d04d6d77e71b3b34a8cc002d0",
              "url": "https://files.pythonhosted.org/packages/71/5e/55d1d143327306f793fce0cb34b2a4ab0d5a1559d632ca5e327a9f9bb848/coverage-7.0.5-cp310-cp310-musllinux_1_1_aarch64.whl"
            },
            {
              "algorithm": "sha256",
              "hash": "ef14d75d86f104f03dea66c13188487151760ef25dd6b2dbd541885185f05f40",
              "url": "https://files.pythonhosted.org/packages/7c/08/6e8508b6fdad45895daf46cf37a27e043e1162e1353b4f8940987bdaee1d/coverage-7.0.5-cp310-cp310-manylinux_2_17_aarch64.manylinux2014_aarch64.whl"
            },
            {
              "algorithm": "sha256",
              "hash": "051afcbd6d2ac39298d62d340f94dbb6a1f31de06dfaf6fcef7b759dd3860c45",
              "url": "https://files.pythonhosted.org/packages/84/b3/992a6b222b14c99e6d4aa9f448c670a5f614648597499de6ddc11be839e3/coverage-7.0.5.tar.gz"
            },
            {
              "algorithm": "sha256",
              "hash": "30b5fec1d34cc932c1bc04017b538ce16bf84e239378b8f75220478645d11fca",
              "url": "https://files.pythonhosted.org/packages/88/88/1bfb18b78f068ffae4c87cb39b0351e6709ce9a655cfe6b0a7e397b669f8/coverage-7.0.5-cp311-cp311-macosx_10_9_x86_64.whl"
            },
            {
              "algorithm": "sha256",
              "hash": "13250b1f0bd023e0c9f11838bdeb60214dd5b6aaf8e8d2f110c7e232a1bff83b",
              "url": "https://files.pythonhosted.org/packages/9b/38/b407288f8142c3b14c3f36a145d1380e5750781b22997eb1b659f194b093/coverage-7.0.5-cp39-cp39-manylinux_2_5_x86_64.manylinux1_x86_64.manylinux_2_17_x86_64.manylinux2014_x86_64.whl"
            },
            {
              "algorithm": "sha256",
              "hash": "7b05ed4b35bf6ee790832f68932baf1f00caa32283d66cc4d455c9e9d115aafc",
              "url": "https://files.pythonhosted.org/packages/a4/3c/662aa204ff721bbad7321908013fca51ed6b64ae24e94c699f0789528111/coverage-7.0.5-cp311-cp311-manylinux_2_5_x86_64.manylinux1_x86_64.manylinux_2_17_x86_64.manylinux2014_x86_64.whl"
            },
            {
              "algorithm": "sha256",
              "hash": "e057e74e53db78122a3979f908973e171909a58ac20df05c33998d52e6d35757",
              "url": "https://files.pythonhosted.org/packages/a4/dc/3671f11710feeb83fda4b2b7a70262c6bf7e32f8a43c31fa33b5d83bac0a/coverage-7.0.5-cp311-cp311-musllinux_1_1_i686.whl"
            },
            {
              "algorithm": "sha256",
              "hash": "54f7e9705e14b2c9f6abdeb127c390f679f6dbe64ba732788d3015f7f76ef637",
              "url": "https://files.pythonhosted.org/packages/a5/da/f340fca24231ca2ac91807d2ea3596be6d4effab7b870c74949b9a92dbeb/coverage-7.0.5-cp39-cp39-macosx_11_0_arm64.whl"
            },
            {
              "algorithm": "sha256",
              "hash": "f26648e1b3b03b6022b48a9b910d0ae209e2d51f50441db5dce5b530fad6d9b1",
              "url": "https://files.pythonhosted.org/packages/a7/15/bbea207f612ba112536bcf7a4c57529738f11fcf41b307d62459ec788ca5/coverage-7.0.5-cp39-cp39-musllinux_1_1_x86_64.whl"
            },
            {
              "algorithm": "sha256",
              "hash": "29de916ba1099ba2aab76aca101580006adfac5646de9b7c010a0f13867cba45",
              "url": "https://files.pythonhosted.org/packages/a8/98/e0308655f42fa5b1daf3574c79c32628936ed6fa11d8e8f3b970d185220a/coverage-7.0.5-cp311-cp311-musllinux_1_1_aarch64.whl"
            },
            {
              "algorithm": "sha256",
              "hash": "0ee30375b409d9a7ea0f30c50645d436b6f5dfee254edffd27e45a980ad2c7f4",
              "url": "https://files.pythonhosted.org/packages/ac/9a/5a0e4c17f105eb04caa7cd4e524a734badb6198c36617ac124002a68aa3b/coverage-7.0.5-cp39-cp39-manylinux_2_17_aarch64.manylinux2014_aarch64.whl"
            },
            {
              "algorithm": "sha256",
              "hash": "7e109f1c9a3ece676597831874126555997c48f62bddbcace6ed17be3e372de8",
              "url": "https://files.pythonhosted.org/packages/b6/e0/1b5b5bf33eaba010395864415aaa5c036a3fb10780cc2c92b3a8e51f035b/coverage-7.0.5-cp310-cp310-musllinux_1_1_i686.whl"
            },
            {
              "algorithm": "sha256",
              "hash": "2c407b1950b2d2ffa091f4e225ca19a66a9bd81222f27c56bd12658fc5ca1209",
              "url": "https://files.pythonhosted.org/packages/b7/fc/7deab9d5d5af9d9ac360922d088250a644a2a2d0627d70a2043b76c260cc/coverage-7.0.5-cp39-cp39-musllinux_1_1_aarch64.whl"
            },
            {
              "algorithm": "sha256",
              "hash": "0a1890fca2962c4f1ad16551d660b46ea77291fba2cc21c024cd527b9d9c8809",
              "url": "https://files.pythonhosted.org/packages/c0/7f/7875a6e6a2522e8b7bc683be78714badd4ac8b3d90b69fc2cadc20ca4d52/coverage-7.0.5-cp310-cp310-musllinux_1_1_x86_64.whl"
            },
            {
              "algorithm": "sha256",
              "hash": "c76a3075e96b9c9ff00df8b5f7f560f5634dffd1658bafb79eb2682867e94f78",
              "url": "https://files.pythonhosted.org/packages/c2/c1/daf9e61cb35b8c5b781f94b85941fbbc233502f3dfda864d83f4c677391b/coverage-7.0.5-cp39-cp39-musllinux_1_1_i686.whl"
            },
            {
              "algorithm": "sha256",
              "hash": "d254666d29540a72d17cc0175746cfb03d5123db33e67d1020e42dae611dc196",
              "url": "https://files.pythonhosted.org/packages/c6/81/e01309e5ba812a767bfd3ef692a619ee459af4d9313e7244305561aa2341/coverage-7.0.5-cp311-cp311-manylinux_2_17_aarch64.manylinux2014_aarch64.whl"
            },
            {
              "algorithm": "sha256",
              "hash": "19245c249aa711d954623d94f23cc94c0fd65865661f20b7781210cb97c471c0",
              "url": "https://files.pythonhosted.org/packages/cc/55/40719c5b7b7503144ffcf55ead8d37c6e8ec2269293a11c5d7654caa5228/coverage-7.0.5-cp311-cp311-manylinux_2_5_i686.manylinux1_i686.manylinux_2_17_i686.manylinux2014_i686.whl"
            },
            {
              "algorithm": "sha256",
              "hash": "c18d47f314b950dbf24a41787ced1474e01ca816011925976d90a88b27c22b89",
              "url": "https://files.pythonhosted.org/packages/ea/fe/5116a0d06a3f6b61d5f147e7d968cdd472b4213f497e3d600afea3ea2f1c/coverage-7.0.5-cp310-cp310-macosx_11_0_arm64.whl"
            },
            {
              "algorithm": "sha256",
              "hash": "411d4ff9d041be08fdfc02adf62e89c735b9468f6d8f6427f8a14b6bb0a85095",
              "url": "https://files.pythonhosted.org/packages/ed/75/fa4b613e2d4d8b0773ac21061cedd29a7a158ab9139c932011fdafc0cbc3/coverage-7.0.5-cp311-cp311-musllinux_1_1_x86_64.whl"
            },
            {
              "algorithm": "sha256",
              "hash": "b78729038abea6a5df0d2708dce21e82073463b2d79d10884d7d591e0f385ded",
              "url": "https://files.pythonhosted.org/packages/ff/ff/cfb9b03d3673d24aae2a40397d812cde590e36f5e4aad3efa946910965c3/coverage-7.0.5-cp39-cp39-manylinux_2_5_i686.manylinux1_i686.manylinux_2_17_i686.manylinux2014_i686.whl"
            }
          ],
          "project_name": "coverage",
          "requires_dists": [
            "tomli; python_full_version <= \"3.11.0a6\" and extra == \"toml\""
          ],
          "requires_python": ">=3.7",
          "version": "7.0.5"
        },
        {
          "artifacts": [
            {
              "algorithm": "sha256",
              "hash": "939de3e7a6161af0c887ef91b7d41a53e7c5a1ca976325f429cb46ea9bc30ecc",
              "url": "https://files.pythonhosted.org/packages/97/75/10a9ebee3fd790d20926a90a2547f0bf78f371b2f13aa822c759680ca7b9/tomli-2.0.1-py3-none-any.whl"
            },
            {
              "algorithm": "sha256",
              "hash": "de526c12914f0c550d15924c62d72abc48d6fe7364aa87328337a31007fe8a4f",
              "url": "https://files.pythonhosted.org/packages/c0/3f/d7af728f075fb08564c5949a9c95e44352e23dee646869fa104a3b2060a3/tomli-2.0.1.tar.gz"
            }
          ],
          "project_name": "tomli",
          "requires_dists": [],
          "requires_python": ">=3.7",
          "version": "2.0.1"
        }
      ],
      "platform_tag": null
    }
  ],
  "path_mappings": {},
  "pex_version": "2.1.108",
  "pip_version": "20.3.4-patched",
  "prefer_older_binary": false,
  "requirements": [
    "coverage[toml]~=7.0.5"
  ],
  "requires_python": [
    ">=3.9"
  ],
  "resolver_version": "pip-2020-resolver",
  "style": "universal",
  "target_systems": [
    "linux",
    "mac"
  ],
  "transitive": true,
  "use_pep517": null
}
